
Microsoft Visual Studio Solution File, Format Version 12.00
# Visual Studio Version 17
VisualStudioVersion = 17.0.31919.166
MinimumVisualStudioVersion = 10.0.40219.1
Project("{FAE04EC0-301F-11D3-BF4B-00C04F79EFBC}") = "CarManufacturer", "CarManufacturer\CarManufacturer.csproj", "{5132FA90-DAE2-428F-9F86-5189E14FD909}"
EndProject
Global
	GlobalSection(SolutionConfigurationPlatforms) = preSolution
		Debug|Any CPU = Debug|Any CPU
		Release|Any CPU = Release|Any CPU
	EndGlobalSection
	GlobalSection(ProjectConfigurationPlatforms) = postSolution
		{5132FA90-DAE2-428F-9F86-5189E14FD909}.Debug|Any CPU.ActiveCfg = Debug|Any CPU
		{5132FA90-DAE2-428F-9F86-5189E14FD909}.Debug|Any CPU.Build.0 = Debug|Any CPU
		{5132FA90-DAE2-428F-9F86-5189E14FD909}.Release|Any CPU.ActiveCfg = Release|Any CPU
		{5132FA90-DAE2-428F-9F86-5189E14FD909}.Release|Any CPU.Build.0 = Release|Any CPU
	EndGlobalSection
	GlobalSection(SolutionProperties) = preSolution
		HideSolutionNode = FALSE
	EndGlobalSection
	GlobalSection(ExtensibilityGlobals) = postSolution
		SolutionGuid = {9334771A-52CA-4DBA-A42A-DB737348F6CF}
	EndGlobalSection
EndGlobal
