
Microsoft Visual Studio Solution File, Format Version 12.00
# Visual Studio Version 17
VisualStudioVersion = 17.0.31919.166
MinimumVisualStudioVersion = 10.0.40219.1
Project("{9A19103F-16F7-4668-BE54-9A1E7A4F7556}") = "NumberPyramid", "NumberPyramid\NumberPyramid.csproj", "{169E2FE8-E3C1-483E-B0B1-D48394154AF6}"
EndProject
Project("{9A19103F-16F7-4668-BE54-9A1E7A4F7556}") = "EqualSumsEvenOddPosition", "EqualSumsEvenOddPosition\EqualSumsEvenOddPosition.csproj", "{570548DA-8EBF-4F59-AC50-BE6BF77A19A0}"
EndProject
Project("{FAE04EC0-301F-11D3-BF4B-00C04F79EFBC}") = "SumPrimeNonPrime", "SumPrimeNonPrime\SumPrimeNonPrime.csproj", "{AACBACDD-BEEB-4D48-A6AA-67DFFA797E1F}"
EndProject
Project("{FAE04EC0-301F-11D3-BF4B-00C04F79EFBC}") = "TrainTheTrainers", "TrainTheTrainers\TrainTheTrainers.csproj", "{F7866A8C-B17E-40C0-BC81-A771EA01F18B}"
EndProject
Project("{FAE04EC0-301F-11D3-BF4B-00C04F79EFBC}") = "SpecialNumbers", "SpecialNumbers\SpecialNumbers.csproj", "{9FBC18E4-CBC5-4FE6-9019-B279A3C09DCD}"
EndProject
Project("{FAE04EC0-301F-11D3-BF4B-00C04F79EFBC}") = "CinemaTickets", "CinemaTickets\CinemaTickets.csproj", "{DE030F10-4FE3-4BD3-9617-7B6CAB90C9BE}"
EndProject
Global
	GlobalSection(SolutionConfigurationPlatforms) = preSolution
		Debug|Any CPU = Debug|Any CPU
		Release|Any CPU = Release|Any CPU
	EndGlobalSection
	GlobalSection(ProjectConfigurationPlatforms) = postSolution
		{169E2FE8-E3C1-483E-B0B1-D48394154AF6}.Debug|Any CPU.ActiveCfg = Debug|Any CPU
		{169E2FE8-E3C1-483E-B0B1-D48394154AF6}.Debug|Any CPU.Build.0 = Debug|Any CPU
		{169E2FE8-E3C1-483E-B0B1-D48394154AF6}.Release|Any CPU.ActiveCfg = Release|Any CPU
		{169E2FE8-E3C1-483E-B0B1-D48394154AF6}.Release|Any CPU.Build.0 = Release|Any CPU
		{570548DA-8EBF-4F59-AC50-BE6BF77A19A0}.Debug|Any CPU.ActiveCfg = Debug|Any CPU
		{570548DA-8EBF-4F59-AC50-BE6BF77A19A0}.Debug|Any CPU.Build.0 = Debug|Any CPU
		{570548DA-8EBF-4F59-AC50-BE6BF77A19A0}.Release|Any CPU.ActiveCfg = Release|Any CPU
		{570548DA-8EBF-4F59-AC50-BE6BF77A19A0}.Release|Any CPU.Build.0 = Release|Any CPU
		{AACBACDD-BEEB-4D48-A6AA-67DFFA797E1F}.Debug|Any CPU.ActiveCfg = Debug|Any CPU
		{AACBACDD-BEEB-4D48-A6AA-67DFFA797E1F}.Debug|Any CPU.Build.0 = Debug|Any CPU
		{AACBACDD-BEEB-4D48-A6AA-67DFFA797E1F}.Release|Any CPU.ActiveCfg = Release|Any CPU
		{AACBACDD-BEEB-4D48-A6AA-67DFFA797E1F}.Release|Any CPU.Build.0 = Release|Any CPU
		{F7866A8C-B17E-40C0-BC81-A771EA01F18B}.Debug|Any CPU.ActiveCfg = Debug|Any CPU
		{F7866A8C-B17E-40C0-BC81-A771EA01F18B}.Debug|Any CPU.Build.0 = Debug|Any CPU
		{F7866A8C-B17E-40C0-BC81-A771EA01F18B}.Release|Any CPU.ActiveCfg = Release|Any CPU
		{F7866A8C-B17E-40C0-BC81-A771EA01F18B}.Release|Any CPU.Build.0 = Release|Any CPU
		{9FBC18E4-CBC5-4FE6-9019-B279A3C09DCD}.Debug|Any CPU.ActiveCfg = Debug|Any CPU
		{9FBC18E4-CBC5-4FE6-9019-B279A3C09DCD}.Debug|Any CPU.Build.0 = Debug|Any CPU
		{9FBC18E4-CBC5-4FE6-9019-B279A3C09DCD}.Release|Any CPU.ActiveCfg = Release|Any CPU
		{9FBC18E4-CBC5-4FE6-9019-B279A3C09DCD}.Release|Any CPU.Build.0 = Release|Any CPU
		{DE030F10-4FE3-4BD3-9617-7B6CAB90C9BE}.Debug|Any CPU.ActiveCfg = Debug|Any CPU
		{DE030F10-4FE3-4BD3-9617-7B6CAB90C9BE}.Debug|Any CPU.Build.0 = Debug|Any CPU
		{DE030F10-4FE3-4BD3-9617-7B6CAB90C9BE}.Release|Any CPU.ActiveCfg = Release|Any CPU
		{DE030F10-4FE3-4BD3-9617-7B6CAB90C9BE}.Release|Any CPU.Build.0 = Release|Any CPU
	EndGlobalSection
	GlobalSection(SolutionProperties) = preSolution
		HideSolutionNode = FALSE
	EndGlobalSection
	GlobalSection(ExtensibilityGlobals) = postSolution
		SolutionGuid = {FD74C345-2D81-41CB-9225-CE853AF5AA91}
	EndGlobalSection
EndGlobal
