
Microsoft Visual Studio Solution File, Format Version 12.00
# Visual Studio Version 17
VisualStudioVersion = 17.0.31919.166
MinimumVisualStudioVersion = 10.0.40219.1
Project("{FAE04EC0-301F-11D3-BF4B-00C04F79EFBC}") = "BoxOfT", "BoxOfT\BoxOfT.csproj", "{CAF67616-E45D-4B41-A5EB-DB4093026F2C}"
EndProject
Project("{FAE04EC0-301F-11D3-BF4B-00C04F79EFBC}") = "GenericArrayCreator", "GenericArrayCreator\GenericArrayCreator.csproj", "{7759A25C-83B2-47B4-A5BA-245724D7A110}"
EndProject
Project("{FAE04EC0-301F-11D3-BF4B-00C04F79EFBC}") = "GenericScale", "GenericScale\GenericScale.csproj", "{F017283A-5307-4B13-AE4C-E06CA6AAE48E}"
EndProject
Global
	GlobalSection(SolutionConfigurationPlatforms) = preSolution
		Debug|Any CPU = Debug|Any CPU
		Release|Any CPU = Release|Any CPU
	EndGlobalSection
	GlobalSection(ProjectConfigurationPlatforms) = postSolution
		{CAF67616-E45D-4B41-A5EB-DB4093026F2C}.Debug|Any CPU.ActiveCfg = Debug|Any CPU
		{CAF67616-E45D-4B41-A5EB-DB4093026F2C}.Debug|Any CPU.Build.0 = Debug|Any CPU
		{CAF67616-E45D-4B41-A5EB-DB4093026F2C}.Release|Any CPU.ActiveCfg = Release|Any CPU
		{CAF67616-E45D-4B41-A5EB-DB4093026F2C}.Release|Any CPU.Build.0 = Release|Any CPU
		{7759A25C-83B2-47B4-A5BA-245724D7A110}.Debug|Any CPU.ActiveCfg = Debug|Any CPU
		{7759A25C-83B2-47B4-A5BA-245724D7A110}.Debug|Any CPU.Build.0 = Debug|Any CPU
		{7759A25C-83B2-47B4-A5BA-245724D7A110}.Release|Any CPU.ActiveCfg = Release|Any CPU
		{7759A25C-83B2-47B4-A5BA-245724D7A110}.Release|Any CPU.Build.0 = Release|Any CPU
		{F017283A-5307-4B13-AE4C-E06CA6AAE48E}.Debug|Any CPU.ActiveCfg = Debug|Any CPU
		{F017283A-5307-4B13-AE4C-E06CA6AAE48E}.Debug|Any CPU.Build.0 = Debug|Any CPU
		{F017283A-5307-4B13-AE4C-E06CA6AAE48E}.Release|Any CPU.ActiveCfg = Release|Any CPU
		{F017283A-5307-4B13-AE4C-E06CA6AAE48E}.Release|Any CPU.Build.0 = Release|Any CPU
	EndGlobalSection
	GlobalSection(SolutionProperties) = preSolution
		HideSolutionNode = FALSE
	EndGlobalSection
	GlobalSection(ExtensibilityGlobals) = postSolution
		SolutionGuid = {AB0B5400-3A62-4299-A45B-02F7905ED47B}
	EndGlobalSection
EndGlobal
