
Microsoft Visual Studio Solution File, Format Version 12.00
# Visual Studio Version 17
VisualStudioVersion = 17.0.31919.166
MinimumVisualStudioVersion = 10.0.40219.1
Project("{FAE04EC0-301F-11D3-BF4B-00C04F79EFBC}") = "SortEvenNumbers", "SortEvenNumbers\SortEvenNumbers.csproj", "{5B902F37-2D36-4457-8AAF-306BE685B18D}"
EndProject
Project("{FAE04EC0-301F-11D3-BF4B-00C04F79EFBC}") = "SumNumbers", "SumNumbers\SumNumbers.csproj", "{BAB1537E-96D0-4F30-B86B-8CE63FD4D6B2}"
EndProject
Project("{FAE04EC0-301F-11D3-BF4B-00C04F79EFBC}") = "CountUppercaseWords", "CountUppercaseWords\CountUppercaseWords.csproj", "{8C085589-69D2-4DD3-9FD2-AA693730BB52}"
EndProject
Project("{FAE04EC0-301F-11D3-BF4B-00C04F79EFBC}") = "AddVAT", "AddVAT\AddVAT.csproj", "{A13CD461-A8BF-4669-900B-F95F6470F65C}"
EndProject
Project("{FAE04EC0-301F-11D3-BF4B-00C04F79EFBC}") = "FilterByAge", "FilterByAge\FilterByAge.csproj", "{1AE43064-EA61-44AC-94C5-6A92DCFA95DA}"
EndProject
Global
	GlobalSection(SolutionConfigurationPlatforms) = preSolution
		Debug|Any CPU = Debug|Any CPU
		Release|Any CPU = Release|Any CPU
	EndGlobalSection
	GlobalSection(ProjectConfigurationPlatforms) = postSolution
		{5B902F37-2D36-4457-8AAF-306BE685B18D}.Debug|Any CPU.ActiveCfg = Debug|Any CPU
		{5B902F37-2D36-4457-8AAF-306BE685B18D}.Debug|Any CPU.Build.0 = Debug|Any CPU
		{5B902F37-2D36-4457-8AAF-306BE685B18D}.Release|Any CPU.ActiveCfg = Release|Any CPU
		{5B902F37-2D36-4457-8AAF-306BE685B18D}.Release|Any CPU.Build.0 = Release|Any CPU
		{BAB1537E-96D0-4F30-B86B-8CE63FD4D6B2}.Debug|Any CPU.ActiveCfg = Debug|Any CPU
		{BAB1537E-96D0-4F30-B86B-8CE63FD4D6B2}.Debug|Any CPU.Build.0 = Debug|Any CPU
		{BAB1537E-96D0-4F30-B86B-8CE63FD4D6B2}.Release|Any CPU.ActiveCfg = Release|Any CPU
		{BAB1537E-96D0-4F30-B86B-8CE63FD4D6B2}.Release|Any CPU.Build.0 = Release|Any CPU
		{8C085589-69D2-4DD3-9FD2-AA693730BB52}.Debug|Any CPU.ActiveCfg = Debug|Any CPU
		{8C085589-69D2-4DD3-9FD2-AA693730BB52}.Debug|Any CPU.Build.0 = Debug|Any CPU
		{8C085589-69D2-4DD3-9FD2-AA693730BB52}.Release|Any CPU.ActiveCfg = Release|Any CPU
		{8C085589-69D2-4DD3-9FD2-AA693730BB52}.Release|Any CPU.Build.0 = Release|Any CPU
		{A13CD461-A8BF-4669-900B-F95F6470F65C}.Debug|Any CPU.ActiveCfg = Debug|Any CPU
		{A13CD461-A8BF-4669-900B-F95F6470F65C}.Debug|Any CPU.Build.0 = Debug|Any CPU
		{A13CD461-A8BF-4669-900B-F95F6470F65C}.Release|Any CPU.ActiveCfg = Release|Any CPU
		{A13CD461-A8BF-4669-900B-F95F6470F65C}.Release|Any CPU.Build.0 = Release|Any CPU
		{1AE43064-EA61-44AC-94C5-6A92DCFA95DA}.Debug|Any CPU.ActiveCfg = Debug|Any CPU
		{1AE43064-EA61-44AC-94C5-6A92DCFA95DA}.Debug|Any CPU.Build.0 = Debug|Any CPU
		{1AE43064-EA61-44AC-94C5-6A92DCFA95DA}.Release|Any CPU.ActiveCfg = Release|Any CPU
		{1AE43064-EA61-44AC-94C5-6A92DCFA95DA}.Release|Any CPU.Build.0 = Release|Any CPU
	EndGlobalSection
	GlobalSection(SolutionProperties) = preSolution
		HideSolutionNode = FALSE
	EndGlobalSection
	GlobalSection(ExtensibilityGlobals) = postSolution
		SolutionGuid = {0159960B-C799-497C-BAF5-561C77B8F77B}
	EndGlobalSection
EndGlobal
