
Microsoft Visual Studio Solution File, Format Version 12.00
# Visual Studio Version 17
VisualStudioVersion = 17.0.31919.166
MinimumVisualStudioVersion = 10.0.40219.1
Project("{9A19103F-16F7-4668-BE54-9A1E7A4F7556}") = "BaristaContest", "BaristaContest\BaristaContest.csproj", "{4B06C51F-0778-472A-97F0-6C9B39D22D62}"
EndProject
Project("{9A19103F-16F7-4668-BE54-9A1E7A4F7556}") = "HelpAMole", "HelpAMole\HelpAMole.csproj", "{ACF4E355-D2E2-407B-B6A7-CFD8DBD4375E}"
EndProject
Project("{FAE04EC0-301F-11D3-BF4B-00C04F79EFBC}") = "Basketball", "Basketball\Basketball.csproj", "{03E0F76D-7703-447F-B1A1-1778E9DD341F}"
EndProject
Global
	GlobalSection(SolutionConfigurationPlatforms) = preSolution
		Debug|Any CPU = Debug|Any CPU
		Release|Any CPU = Release|Any CPU
	EndGlobalSection
	GlobalSection(ProjectConfigurationPlatforms) = postSolution
		{4B06C51F-0778-472A-97F0-6C9B39D22D62}.Debug|Any CPU.ActiveCfg = Debug|Any CPU
		{4B06C51F-0778-472A-97F0-6C9B39D22D62}.Debug|Any CPU.Build.0 = Debug|Any CPU
		{4B06C51F-0778-472A-97F0-6C9B39D22D62}.Release|Any CPU.ActiveCfg = Release|Any CPU
		{4B06C51F-0778-472A-97F0-6C9B39D22D62}.Release|Any CPU.Build.0 = Release|Any CPU
		{ACF4E355-D2E2-407B-B6A7-CFD8DBD4375E}.Debug|Any CPU.ActiveCfg = Debug|Any CPU
		{ACF4E355-D2E2-407B-B6A7-CFD8DBD4375E}.Debug|Any CPU.Build.0 = Debug|Any CPU
		{ACF4E355-D2E2-407B-B6A7-CFD8DBD4375E}.Release|Any CPU.ActiveCfg = Release|Any CPU
		{ACF4E355-D2E2-407B-B6A7-CFD8DBD4375E}.Release|Any CPU.Build.0 = Release|Any CPU
		{03E0F76D-7703-447F-B1A1-1778E9DD341F}.Debug|Any CPU.ActiveCfg = Debug|Any CPU
		{03E0F76D-7703-447F-B1A1-1778E9DD341F}.Debug|Any CPU.Build.0 = Debug|Any CPU
		{03E0F76D-7703-447F-B1A1-1778E9DD341F}.Release|Any CPU.ActiveCfg = Release|Any CPU
		{03E0F76D-7703-447F-B1A1-1778E9DD341F}.Release|Any CPU.Build.0 = Release|Any CPU
	EndGlobalSection
	GlobalSection(SolutionProperties) = preSolution
		HideSolutionNode = FALSE
	EndGlobalSection
	GlobalSection(ExtensibilityGlobals) = postSolution
		SolutionGuid = {F009835F-EE95-47E4-9538-72BB8A6010C6}
	EndGlobalSection
EndGlobal
