
Microsoft Visual Studio Solution File, Format Version 12.00
# Visual Studio Version 17
VisualStudioVersion = 17.0.31919.166
MinimumVisualStudioVersion = 10.0.40219.1
Project("{FAE04EC0-301F-11D3-BF4B-00C04F79EFBC}") = "BonusScoringSystem", "BonusScoringSystem\BonusScoringSystem.csproj", "{5DF25859-3930-43CF-BF24-6882A2D6A664}"
EndProject
Project("{FAE04EC0-301F-11D3-BF4B-00C04F79EFBC}") = "MuOnline", "MuOnline\MuOnline.csproj", "{469911D2-3A03-4C90-AAEF-925E561280B6}"
EndProject
Project("{FAE04EC0-301F-11D3-BF4B-00C04F79EFBC}") = "Inventory", "Inventory\Inventory.csproj", "{33022A12-BB2D-41AA-88DC-92D5ED99B94F}"
EndProject
Global
	GlobalSection(SolutionConfigurationPlatforms) = preSolution
		Debug|Any CPU = Debug|Any CPU
		Release|Any CPU = Release|Any CPU
	EndGlobalSection
	GlobalSection(ProjectConfigurationPlatforms) = postSolution
		{5DF25859-3930-43CF-BF24-6882A2D6A664}.Debug|Any CPU.ActiveCfg = Debug|Any CPU
		{5DF25859-3930-43CF-BF24-6882A2D6A664}.Debug|Any CPU.Build.0 = Debug|Any CPU
		{5DF25859-3930-43CF-BF24-6882A2D6A664}.Release|Any CPU.ActiveCfg = Release|Any CPU
		{5DF25859-3930-43CF-BF24-6882A2D6A664}.Release|Any CPU.Build.0 = Release|Any CPU
		{469911D2-3A03-4C90-AAEF-925E561280B6}.Debug|Any CPU.ActiveCfg = Debug|Any CPU
		{469911D2-3A03-4C90-AAEF-925E561280B6}.Debug|Any CPU.Build.0 = Debug|Any CPU
		{469911D2-3A03-4C90-AAEF-925E561280B6}.Release|Any CPU.ActiveCfg = Release|Any CPU
		{469911D2-3A03-4C90-AAEF-925E561280B6}.Release|Any CPU.Build.0 = Release|Any CPU
		{33022A12-BB2D-41AA-88DC-92D5ED99B94F}.Debug|Any CPU.ActiveCfg = Debug|Any CPU
		{33022A12-BB2D-41AA-88DC-92D5ED99B94F}.Debug|Any CPU.Build.0 = Debug|Any CPU
		{33022A12-BB2D-41AA-88DC-92D5ED99B94F}.Release|Any CPU.ActiveCfg = Release|Any CPU
		{33022A12-BB2D-41AA-88DC-92D5ED99B94F}.Release|Any CPU.Build.0 = Release|Any CPU
	EndGlobalSection
	GlobalSection(SolutionProperties) = preSolution
		HideSolutionNode = FALSE
	EndGlobalSection
	GlobalSection(ExtensibilityGlobals) = postSolution
		SolutionGuid = {228392DC-CB14-4842-A4ED-811AB2B757D4}
	EndGlobalSection
EndGlobal
