
Microsoft Visual Studio Solution File, Format Version 12.00
# Visual Studio Version 17
VisualStudioVersion = 17.0.31919.166
MinimumVisualStudioVersion = 10.0.40219.1
Project("{FAE04EC0-301F-11D3-BF4B-00C04F79EFBC}") = "Scheduling", "Scheduling\Scheduling.csproj", "{190C90D5-A4BF-4F9A-A2F7-2DB9D9B3BA4A}"
EndProject
Project("{FAE04EC0-301F-11D3-BF4B-00C04F79EFBC}") = "Classroom", "Classroom\Classroom.csproj", "{12DA4CC9-AE88-4C1C-8F33-69B0AD521B61}"
EndProject
Project("{FAE04EC0-301F-11D3-BF4B-00C04F79EFBC}") = "Garden", "Garden\Garden.csproj", "{1F97A551-C7E3-4517-9275-05CE9B363026}"
EndProject
Global
	GlobalSection(SolutionConfigurationPlatforms) = preSolution
		Debug|Any CPU = Debug|Any CPU
		Release|Any CPU = Release|Any CPU
	EndGlobalSection
	GlobalSection(ProjectConfigurationPlatforms) = postSolution
		{190C90D5-A4BF-4F9A-A2F7-2DB9D9B3BA4A}.Debug|Any CPU.ActiveCfg = Debug|Any CPU
		{190C90D5-A4BF-4F9A-A2F7-2DB9D9B3BA4A}.Debug|Any CPU.Build.0 = Debug|Any CPU
		{190C90D5-A4BF-4F9A-A2F7-2DB9D9B3BA4A}.Release|Any CPU.ActiveCfg = Release|Any CPU
		{190C90D5-A4BF-4F9A-A2F7-2DB9D9B3BA4A}.Release|Any CPU.Build.0 = Release|Any CPU
		{12DA4CC9-AE88-4C1C-8F33-69B0AD521B61}.Debug|Any CPU.ActiveCfg = Debug|Any CPU
		{12DA4CC9-AE88-4C1C-8F33-69B0AD521B61}.Debug|Any CPU.Build.0 = Debug|Any CPU
		{12DA4CC9-AE88-4C1C-8F33-69B0AD521B61}.Release|Any CPU.ActiveCfg = Release|Any CPU
		{12DA4CC9-AE88-4C1C-8F33-69B0AD521B61}.Release|Any CPU.Build.0 = Release|Any CPU
		{1F97A551-C7E3-4517-9275-05CE9B363026}.Debug|Any CPU.ActiveCfg = Debug|Any CPU
		{1F97A551-C7E3-4517-9275-05CE9B363026}.Debug|Any CPU.Build.0 = Debug|Any CPU
		{1F97A551-C7E3-4517-9275-05CE9B363026}.Release|Any CPU.ActiveCfg = Release|Any CPU
		{1F97A551-C7E3-4517-9275-05CE9B363026}.Release|Any CPU.Build.0 = Release|Any CPU
	EndGlobalSection
	GlobalSection(SolutionProperties) = preSolution
		HideSolutionNode = FALSE
	EndGlobalSection
	GlobalSection(ExtensibilityGlobals) = postSolution
		SolutionGuid = {3902B5D6-7F01-4612-8754-032C5152F2D0}
	EndGlobalSection
EndGlobal
