
Microsoft Visual Studio Solution File, Format Version 12.00
# Visual Studio Version 17
VisualStudioVersion = 17.0.31919.166
MinimumVisualStudioVersion = 10.0.40219.1
Project("{FAE04EC0-301F-11D3-BF4B-00C04F79EFBC}") = "SecretChat", "SecretChat\SecretChat.csproj", "{E22F4C92-D659-41D3-AA65-F3681AD18531}"
EndProject
Project("{FAE04EC0-301F-11D3-BF4B-00C04F79EFBC}") = "NeedforSpeedIII", "NeedforSpeedIII\NeedforSpeedIII.csproj", "{C28E8BDD-BA1F-4486-90AF-B36761AFF8E3}"
EndProject
Project("{FAE04EC0-301F-11D3-BF4B-00C04F79EFBC}") = "MirrorWords", "MirrorWords\MirrorWords.csproj", "{4A323494-969D-47BB-967D-88E59B68E8E4}"
EndProject
Global
	GlobalSection(SolutionConfigurationPlatforms) = preSolution
		Debug|Any CPU = Debug|Any CPU
		Release|Any CPU = Release|Any CPU
	EndGlobalSection
	GlobalSection(ProjectConfigurationPlatforms) = postSolution
		{E22F4C92-D659-41D3-AA65-F3681AD18531}.Debug|Any CPU.ActiveCfg = Debug|Any CPU
		{E22F4C92-D659-41D3-AA65-F3681AD18531}.Debug|Any CPU.Build.0 = Debug|Any CPU
		{E22F4C92-D659-41D3-AA65-F3681AD18531}.Release|Any CPU.ActiveCfg = Release|Any CPU
		{E22F4C92-D659-41D3-AA65-F3681AD18531}.Release|Any CPU.Build.0 = Release|Any CPU
		{C28E8BDD-BA1F-4486-90AF-B36761AFF8E3}.Debug|Any CPU.ActiveCfg = Debug|Any CPU
		{C28E8BDD-BA1F-4486-90AF-B36761AFF8E3}.Debug|Any CPU.Build.0 = Debug|Any CPU
		{C28E8BDD-BA1F-4486-90AF-B36761AFF8E3}.Release|Any CPU.ActiveCfg = Release|Any CPU
		{C28E8BDD-BA1F-4486-90AF-B36761AFF8E3}.Release|Any CPU.Build.0 = Release|Any CPU
		{4A323494-969D-47BB-967D-88E59B68E8E4}.Debug|Any CPU.ActiveCfg = Debug|Any CPU
		{4A323494-969D-47BB-967D-88E59B68E8E4}.Debug|Any CPU.Build.0 = Debug|Any CPU
		{4A323494-969D-47BB-967D-88E59B68E8E4}.Release|Any CPU.ActiveCfg = Release|Any CPU
		{4A323494-969D-47BB-967D-88E59B68E8E4}.Release|Any CPU.Build.0 = Release|Any CPU
	EndGlobalSection
	GlobalSection(SolutionProperties) = preSolution
		HideSolutionNode = FALSE
	EndGlobalSection
	GlobalSection(ExtensibilityGlobals) = postSolution
		SolutionGuid = {1775B815-4A12-4F5D-AED8-CFA038B19AD9}
	EndGlobalSection
EndGlobal
