
Microsoft Visual Studio Solution File, Format Version 12.00
# Visual Studio Version 17
VisualStudioVersion = 17.0.31919.166
MinimumVisualStudioVersion = 10.0.40219.1
Project("{FAE04EC0-301F-11D3-BF4B-00C04F79EFBC}") = "CommandPattern", "CommandPattern\CommandPattern.csproj", "{B45B2C62-13A7-4D52-B309-216D1C657149}"
EndProject
Project("{FAE04EC0-301F-11D3-BF4B-00C04F79EFBC}") = "ValidationAttributes", "ValidationAttributes\ValidationAttributes.csproj", "{43706197-2847-4B3E-9531-1DB5E1992E4F}"
EndProject
Global
	GlobalSection(SolutionConfigurationPlatforms) = preSolution
		Debug|Any CPU = Debug|Any CPU
		Release|Any CPU = Release|Any CPU
	EndGlobalSection
	GlobalSection(ProjectConfigurationPlatforms) = postSolution
		{B45B2C62-13A7-4D52-B309-216D1C657149}.Debug|Any CPU.ActiveCfg = Debug|Any CPU
		{B45B2C62-13A7-4D52-B309-216D1C657149}.Debug|Any CPU.Build.0 = Debug|Any CPU
		{B45B2C62-13A7-4D52-B309-216D1C657149}.Release|Any CPU.ActiveCfg = Release|Any CPU
		{B45B2C62-13A7-4D52-B309-216D1C657149}.Release|Any CPU.Build.0 = Release|Any CPU
		{43706197-2847-4B3E-9531-1DB5E1992E4F}.Debug|Any CPU.ActiveCfg = Debug|Any CPU
		{43706197-2847-4B3E-9531-1DB5E1992E4F}.Debug|Any CPU.Build.0 = Debug|Any CPU
		{43706197-2847-4B3E-9531-1DB5E1992E4F}.Release|Any CPU.ActiveCfg = Release|Any CPU
		{43706197-2847-4B3E-9531-1DB5E1992E4F}.Release|Any CPU.Build.0 = Release|Any CPU
	EndGlobalSection
	GlobalSection(SolutionProperties) = preSolution
		HideSolutionNode = FALSE
	EndGlobalSection
	GlobalSection(ExtensibilityGlobals) = postSolution
		SolutionGuid = {41CA9867-D7C5-4175-AB49-B7ADE7DC1995}
	EndGlobalSection
EndGlobal
