
Microsoft Visual Studio Solution File, Format Version 12.00
# Visual Studio Version 17
VisualStudioVersion = 17.0.31919.166
MinimumVisualStudioVersion = 10.0.40219.1
Project("{FAE04EC0-301F-11D3-BF4B-00C04F79EFBC}") = "GuineaPig", "GuineaPig\GuineaPig.csproj", "{BC8A2411-EC6D-4145-993E-EB7F55EECB6D}"
EndProject
Project("{FAE04EC0-301F-11D3-BF4B-00C04F79EFBC}") = "ShoppingList", "ShoppingList\ShoppingList.csproj", "{999A940E-BAAC-4C25-8E13-C391F94D3759}"
EndProject
Project("{FAE04EC0-301F-11D3-BF4B-00C04F79EFBC}") = "HeartDelivery", "HeartDelivery\HeartDelivery.csproj", "{CD626803-74EF-4D38-B211-FC07CE550610}"
EndProject
Global
	GlobalSection(SolutionConfigurationPlatforms) = preSolution
		Debug|Any CPU = Debug|Any CPU
		Release|Any CPU = Release|Any CPU
	EndGlobalSection
	GlobalSection(ProjectConfigurationPlatforms) = postSolution
		{BC8A2411-EC6D-4145-993E-EB7F55EECB6D}.Debug|Any CPU.ActiveCfg = Debug|Any CPU
		{BC8A2411-EC6D-4145-993E-EB7F55EECB6D}.Debug|Any CPU.Build.0 = Debug|Any CPU
		{BC8A2411-EC6D-4145-993E-EB7F55EECB6D}.Release|Any CPU.ActiveCfg = Release|Any CPU
		{BC8A2411-EC6D-4145-993E-EB7F55EECB6D}.Release|Any CPU.Build.0 = Release|Any CPU
		{999A940E-BAAC-4C25-8E13-C391F94D3759}.Debug|Any CPU.ActiveCfg = Debug|Any CPU
		{999A940E-BAAC-4C25-8E13-C391F94D3759}.Debug|Any CPU.Build.0 = Debug|Any CPU
		{999A940E-BAAC-4C25-8E13-C391F94D3759}.Release|Any CPU.ActiveCfg = Release|Any CPU
		{999A940E-BAAC-4C25-8E13-C391F94D3759}.Release|Any CPU.Build.0 = Release|Any CPU
		{CD626803-74EF-4D38-B211-FC07CE550610}.Debug|Any CPU.ActiveCfg = Debug|Any CPU
		{CD626803-74EF-4D38-B211-FC07CE550610}.Debug|Any CPU.Build.0 = Debug|Any CPU
		{CD626803-74EF-4D38-B211-FC07CE550610}.Release|Any CPU.ActiveCfg = Release|Any CPU
		{CD626803-74EF-4D38-B211-FC07CE550610}.Release|Any CPU.Build.0 = Release|Any CPU
	EndGlobalSection
	GlobalSection(SolutionProperties) = preSolution
		HideSolutionNode = FALSE
	EndGlobalSection
	GlobalSection(ExtensibilityGlobals) = postSolution
		SolutionGuid = {E5DC92F3-3159-432A-9553-3E9259C21DBE}
	EndGlobalSection
EndGlobal
