
Microsoft Visual Studio Solution File, Format Version 12.00
# Visual Studio Version 17
VisualStudioVersion = 17.0.31919.166
MinimumVisualStudioVersion = 10.0.40219.1
Project("{9A19103F-16F7-4668-BE54-9A1E7A4F7556}") = "EnergyDrinks", "EnergyDrinks\EnergyDrinks.csproj", "{D954392E-4507-4863-8683-A1AADA4A6333}"
EndProject
Project("{9A19103F-16F7-4668-BE54-9A1E7A4F7556}") = "RallyRacing", "RallyRacing\RallyRacing.csproj", "{FB3AE7A5-E155-4403-9250-2ACD74E1A965}"
EndProject
Project("{FAE04EC0-301F-11D3-BF4B-00C04F79EFBC}") = "ComputerArchitecture", "ComputerArchitecture\ComputerArchitecture.csproj", "{B136F71D-F1DB-4926-AE11-1FA49CE66523}"
EndProject
Global
	GlobalSection(SolutionConfigurationPlatforms) = preSolution
		Debug|Any CPU = Debug|Any CPU
		Release|Any CPU = Release|Any CPU
	EndGlobalSection
	GlobalSection(ProjectConfigurationPlatforms) = postSolution
		{D954392E-4507-4863-8683-A1AADA4A6333}.Debug|Any CPU.ActiveCfg = Debug|Any CPU
		{D954392E-4507-4863-8683-A1AADA4A6333}.Debug|Any CPU.Build.0 = Debug|Any CPU
		{D954392E-4507-4863-8683-A1AADA4A6333}.Release|Any CPU.ActiveCfg = Release|Any CPU
		{D954392E-4507-4863-8683-A1AADA4A6333}.Release|Any CPU.Build.0 = Release|Any CPU
		{FB3AE7A5-E155-4403-9250-2ACD74E1A965}.Debug|Any CPU.ActiveCfg = Debug|Any CPU
		{FB3AE7A5-E155-4403-9250-2ACD74E1A965}.Debug|Any CPU.Build.0 = Debug|Any CPU
		{FB3AE7A5-E155-4403-9250-2ACD74E1A965}.Release|Any CPU.ActiveCfg = Release|Any CPU
		{FB3AE7A5-E155-4403-9250-2ACD74E1A965}.Release|Any CPU.Build.0 = Release|Any CPU
		{B136F71D-F1DB-4926-AE11-1FA49CE66523}.Debug|Any CPU.ActiveCfg = Debug|Any CPU
		{B136F71D-F1DB-4926-AE11-1FA49CE66523}.Debug|Any CPU.Build.0 = Debug|Any CPU
		{B136F71D-F1DB-4926-AE11-1FA49CE66523}.Release|Any CPU.ActiveCfg = Release|Any CPU
		{B136F71D-F1DB-4926-AE11-1FA49CE66523}.Release|Any CPU.Build.0 = Release|Any CPU
	EndGlobalSection
	GlobalSection(SolutionProperties) = preSolution
		HideSolutionNode = FALSE
	EndGlobalSection
	GlobalSection(ExtensibilityGlobals) = postSolution
		SolutionGuid = {AD3FF48B-322C-46D4-98E0-22CD0F22968D}
	EndGlobalSection
EndGlobal
